// !$*UTF8*$!
{
	archiveVersion = 1;
	classes = {
	};
	objectVersion = 56;
	objects = {

/* Begin PBXBuildFile section */
		EEB75E10292841A10068DEE0 /* TaggersApp.swift in Sources */ = {isa = PBXBuildFile; fileRef = EEB75E0F292841A10068DEE0 /* TaggersApp.swift */; };
		EEB75E12292841A10068DEE0 /* ContentView.swift in Sources */ = {isa = PBXBuildFile; fileRef = EEB75E11292841A10068DEE0 /* ContentView.swift */; };
		EEB75E14292841A40068DEE0 /* Assets.xcassets in Resources */ = {isa = PBXBuildFile; fileRef = EEB75E13292841A40068DEE0 /* Assets.xcassets */; };
		EEB75E18292841A40068DEE0 /* Preview Assets.xcassets in Resources */ = {isa = PBXBuildFile; fileRef = EEB75E17292841A40068DEE0 /* Preview Assets.xcassets */; };
		EEB75E22292841A40068DEE0 /* TaggersTests.swift in Sources */ = {isa = PBXBuildFile; fileRef = EEB75E21292841A40068DEE0 /* TaggersTests.swift */; };
		EEB75E2C292841A40068DEE0 /* TaggersUITests.swift in Sources */ = {isa = PBXBuildFile; fileRef = EEB75E2B292841A40068DEE0 /* TaggersUITests.swift */; };
		EEB75E2E292841A40068DEE0 /* TaggersUITestsLaunchTests.swift in Sources */ = {isa = PBXBuildFile; fileRef = EEB75E2D292841A40068DEE0 /* TaggersUITestsLaunchTests.swift */; };
/* End PBXBuildFile section */

/* Begin PBXContainerItemProxy section */
		EEB75E1E292841A40068DEE0 /* PBXContainerItemProxy */ = {
			isa = PBXContainerItemProxy;
			containerPortal = EEB75E04292841A10068DEE0 /* Project object */;
			proxyType = 1;
			remoteGlobalIDString = EEB75E0B292841A10068DEE0;
			remoteInfo = Taggers;
		};
		EEB75E28292841A40068DEE0 /* PBXContainerItemProxy */ = {
			isa = PBXContainerItemProxy;
			containerPortal = EEB75E04292841A10068DEE0 /* Project object */;
			proxyType = 1;
			remoteGlobalIDString = EEB75E0B292841A10068DEE0;
			remoteInfo = Taggers;
		};
/* End PBXContainerItemProxy section */

/* Begin PBXFileReference section */
		EEB75E0C292841A10068DEE0 /* Taggers.app */ = {isa = PBXFileReference; explicitFileType = wrapper.application; includeInIndex = 0; path = Taggers.app; sourceTree = BUILT_PRODUCTS_DIR; };
		EEB75E0F292841A10068DEE0 /* TaggersApp.swift */ = {isa = PBXFileReference; lastKnownFileType = sourcecode.swift; path = TaggersApp.swift; sourceTree = "<group>"; };
		EEB75E11292841A10068DEE0 /* ContentView.swift */ = {isa = PBXFileReference; lastKnownFileType = sourcecode.swift; path = ContentView.swift; sourceTree = "<group>"; };
		EEB75E13292841A40068DEE0 /* Assets.xcassets */ = {isa = PBXFileReference; lastKnownFileType = folder.assetcatalog; path = Assets.xcassets; sourceTree = "<group>"; };
		EEB75E15292841A40068DEE0 /* Taggers.entitlements */ = {isa = PBXFileReference; lastKnownFileType = text.plist.entitlements; path = Taggers.entitlements; sourceTree = "<group>"; };
		EEB75E17292841A40068DEE0 /* Preview Assets.xcassets */ = {isa = PBXFileReference; lastKnownFileType = folder.assetcatalog; path = "Preview Assets.xcassets"; sourceTree = "<group>"; };
		EEB75E1D292841A40068DEE0 /* TaggersTests.xctest */ = {isa = PBXFileReference; explicitFileType = wrapper.cfbundle; includeInIndex = 0; path = TaggersTests.xctest; sourceTree = BUILT_PRODUCTS_DIR; };
		EEB75E21292841A40068DEE0 /* TaggersTests.swift */ = {isa = PBXFileReference; lastKnownFileType = sourcecode.swift; path = TaggersTests.swift; sourceTree = "<group>"; };
		EEB75E27292841A40068DEE0 /* TaggersUITests.xctest */ = {isa = PBXFileReference; explicitFileType = wrapper.cfbundle; includeInIndex = 0; path = TaggersUITests.xctest; sourceTree = BUILT_PRODUCTS_DIR; };
		EEB75E2B292841A40068DEE0 /* TaggersUITests.swift */ = {isa = PBXFileReference; lastKnownFileType = sourcecode.swift; path = TaggersUITests.swift; sourceTree = "<group>"; };
		EEB75E2D292841A40068DEE0 /* TaggersUITestsLaunchTests.swift */ = {isa = PBXFileReference; lastKnownFileType = sourcecode.swift; path = TaggersUITestsLaunchTests.swift; sourceTree = "<group>"; };
/* End PBXFileReference section */

/* Begin PBXFrameworksBuildPhase section */
		EEB75E09292841A10068DEE0 /* Frameworks */ = {
			isa = PBXFrameworksBuildPhase;
			buildActionMask = 2147483647;
			files = (
			);
			runOnlyForDeploymentPostprocessing = 0;
		};
		EEB75E1A292841A40068DEE0 /* Frameworks */ = {
			isa = PBXFrameworksBuildPhase;
			buildActionMask = 2147483647;
			files = (
			);
			runOnlyForDeploymentPostprocessing = 0;
		};
		EEB75E24292841A40068DEE0 /* Frameworks */ = {
			isa = PBXFrameworksBuildPhase;
			buildActionMask = 2147483647;
			files = (
			);
			runOnlyForDeploymentPostprocessing = 0;
		};
/* End PBXFrameworksBuildPhase section */

/* Begin PBXGroup section */
		EEB75E03292841A10068DEE0 = {
			isa = PBXGroup;
			children = (
				EEB75E0E292841A10068DEE0 /* Taggers */,
				EEB75E20292841A40068DEE0 /* TaggersTests */,
				EEB75E2A292841A40068DEE0 /* TaggersUITests */,
				EEB75E0D292841A10068DEE0 /* Products */,
			);
			sourceTree = "<group>";
		};
		EEB75E0D292841A10068DEE0 /* Products */ = {
			isa = PBXGroup;
			children = (
				EEB75E0C292841A10068DEE0 /* Taggers.app */,
				EEB75E1D292841A40068DEE0 /* TaggersTests.xctest */,
				EEB75E27292841A40068DEE0 /* TaggersUITests.xctest */,
			);
			name = Products;
			sourceTree = "<group>";
		};
		EEB75E0E292841A10068DEE0 /* Taggers */ = {
			isa = PBXGroup;
			children = (
				EEB75E0F292841A10068DEE0 /* TaggersApp.swift */,
				EEB75E11292841A10068DEE0 /* ContentView.swift */,
				EEB75E13292841A40068DEE0 /* Assets.xcassets */,
				EEB75E15292841A40068DEE0 /* Taggers.entitlements */,
				EEB75E16292841A40068DEE0 /* Preview Content */,
			);
			path = Taggers;
			sourceTree = "<group>";
		};
		EEB75E16292841A40068DEE0 /* Preview Content */ = {
			isa = PBXGroup;
			children = (
				EEB75E17292841A40068DEE0 /* Preview Assets.xcassets */,
			);
			path = "Preview Content";
			sourceTree = "<group>";
		};
		EEB75E20292841A40068DEE0 /* TaggersTests */ = {
			isa = PBXGroup;
			children = (
				EEB75E21292841A40068DEE0 /* TaggersTests.swift */,
			);
			path = TaggersTests;
			sourceTree = "<group>";
		};
		EEB75E2A292841A40068DEE0 /* TaggersUITests */ = {
			isa = PBXGroup;
			children = (
				EEB75E2B292841A40068DEE0 /* TaggersUITests.swift */,
				EEB75E2D292841A40068DEE0 /* TaggersUITestsLaunchTests.swift */,
			);
			path = TaggersUITests;
			sourceTree = "<group>";
		};
/* End PBXGroup section */

/* Begin PBXNativeTarget section */
		EEB75E0B292841A10068DEE0 /* Taggers */ = {
			isa = PBXNativeTarget;
			buildConfigurationList = EEB75E31292841A40068DEE0 /* Build configuration list for PBXNativeTarget "Taggers" */;
			buildPhases = (
				EEB75E08292841A10068DEE0 /* Sources */,
				EEB75E09292841A10068DEE0 /* Frameworks */,
				EEB75E0A292841A10068DEE0 /* Resources */,
			);
			buildRules = (
			);
			dependencies = (
			);
			name = Taggers;
			productName = Taggers;
			productReference = EEB75E0C292841A10068DEE0 /* Taggers.app */;
			productType = "com.apple.product-type.application";
		};
		EEB75E1C292841A40068DEE0 /* TaggersTests */ = {
			isa = PBXNativeTarget;
			buildConfigurationList = EEB75E34292841A40068DEE0 /* Build configuration list for PBXNativeTarget "TaggersTests" */;
			buildPhases = (
				EEB75E19292841A40068DEE0 /* Sources */,
				EEB75E1A292841A40068DEE0 /* Frameworks */,
				EEB75E1B292841A40068DEE0 /* Resources */,
			);
			buildRules = (
			);
			dependencies = (
				EEB75E1F292841A40068DEE0 /* PBXTargetDependency */,
			);
			name = TaggersTests;
			productName = TaggersTests;
			productReference = EEB75E1D292841A40068DEE0 /* TaggersTests.xctest */;
			productType = "com.apple.product-type.bundle.unit-test";
		};
		EEB75E26292841A40068DEE0 /* TaggersUITests */ = {
			isa = PBXNativeTarget;
			buildConfigurationList = EEB75E37292841A40068DEE0 /* Build configuration list for PBXNativeTarget "TaggersUITests" */;
			buildPhases = (
				EEB75E23292841A40068DEE0 /* Sources */,
				EEB75E24292841A40068DEE0 /* Frameworks */,
				EEB75E25292841A40068DEE0 /* Resources */,
			);
			buildRules = (
			);
			dependencies = (
				EEB75E29292841A40068DEE0 /* PBXTargetDependency */,
			);
			name = TaggersUITests;
			productName = TaggersUITests;
			productReference = EEB75E27292841A40068DEE0 /* TaggersUITests.xctest */;
			productType = "com.apple.product-type.bundle.ui-testing";
		};
/* End PBXNativeTarget section */

/* Begin PBXProject section */
		EEB75E04292841A10068DEE0 /* Project object */ = {
			isa = PBXProject;
			attributes = {
				BuildIndependentTargetsInParallel = 1;
				LastSwiftUpdateCheck = 1400;
				LastUpgradeCheck = 1400;
				TargetAttributes = {
					EEB75E0B292841A10068DEE0 = {
						CreatedOnToolsVersion = 14.0;
					};
					EEB75E1C292841A40068DEE0 = {
						CreatedOnToolsVersion = 14.0;
						TestTargetID = EEB75E0B292841A10068DEE0;
					};
					EEB75E26292841A40068DEE0 = {
						CreatedOnToolsVersion = 14.0;
						TestTargetID = EEB75E0B292841A10068DEE0;
					};
				};
			};
			buildConfigurationList = EEB75E07292841A10068DEE0 /* Build configuration list for PBXProject "Taggers" */;
			compatibilityVersion = "Xcode 14.0";
			developmentRegion = en;
			hasScannedForEncodings = 0;
			knownRegions = (
				en,
				Base,
			);
			mainGroup = EEB75E03292841A10068DEE0;
			productRefGroup = EEB75E0D292841A10068DEE0 /* Products */;
			projectDirPath = "";
			projectRoot = "";
			targets = (
				EEB75E0B292841A10068DEE0 /* Taggers */,
				EEB75E1C292841A40068DEE0 /* TaggersTests */,
				EEB75E26292841A40068DEE0 /* TaggersUITests */,
			);
		};
/* End PBXProject section */

/* Begin PBXResourcesBuildPhase section */
		EEB75E0A292841A10068DEE0 /* Resources */ = {
			isa = PBXResourcesBuildPhase;
			buildActionMask = 2147483647;
			files = (
				EEB75E18292841A40068DEE0 /* Preview Assets.xcassets in Resources */,
				EEB75E14292841A40068DEE0 /* Assets.xcassets in Resources */,
			);
			runOnlyForDeploymentPostprocessing = 0;
		};
		EEB75E1B292841A40068DEE0 /* Resources */ = {
			isa = PBXResourcesBuildPhase;
			buildActionMask = 2147483647;
			files = (
			);
			runOnlyForDeploymentPostprocessing = 0;
		};
		EEB75E25292841A40068DEE0 /* Resources */ = {
			isa = PBXResourcesBuildPhase;
			buildActionMask = 2147483647;
			files = (
			);
			runOnlyForDeploymentPostprocessing = 0;
		};
/* End PBXResourcesBuildPhase section */

/* Begin PBXSourcesBuildPhase section */
		EEB75E08292841A10068DEE0 /* Sources */ = {
			isa = PBXSourcesBuildPhase;
			buildActionMask = 2147483647;
			files = (
				EEB75E12292841A10068DEE0 /* ContentView.swift in Sources */,
				EEB75E10292841A10068DEE0 /* TaggersApp.swift in Sources */,
			);
			runOnlyForDeploymentPostprocessing = 0;
		};
		EEB75E19292841A40068DEE0 /* Sources */ = {
			isa = PBXSourcesBuildPhase;
			buildActionMask = 2147483647;
			files = (
				EEB75E22292841A40068DEE0 /* TaggersTests.swift in Sources */,
			);
			runOnlyForDeploymentPostprocessing = 0;
		};
		EEB75E23292841A40068DEE0 /* Sources */ = {
			isa = PBXSourcesBuildPhase;
			buildActionMask = 2147483647;
			files = (
				EEB75E2E292841A40068DEE0 /* TaggersUITestsLaunchTests.swift in Sources */,
				EEB75E2C292841A40068DEE0 /* TaggersUITests.swift in Sources */,
			);
			runOnlyForDeploymentPostprocessing = 0;
		};
/* End PBXSourcesBuildPhase section */

/* Begin PBXTargetDependency section */
		EEB75E1F292841A40068DEE0 /* PBXTargetDependency */ = {
			isa = PBXTargetDependency;
			target = EEB75E0B292841A10068DEE0 /* Taggers */;
			targetProxy = EEB75E1E292841A40068DEE0 /* PBXContainerItemProxy */;
		};
		EEB75E29292841A40068DEE0 /* PBXTargetDependency */ = {
			isa = PBXTargetDependency;
			target = EEB75E0B292841A10068DEE0 /* Taggers */;
			targetProxy = EEB75E28292841A40068DEE0 /* PBXContainerItemProxy */;
		};
/* End PBXTargetDependency section */

/* Begin XCBuildConfiguration section */
		EEB75E2F292841A40068DEE0 /* Debug */ = {
			isa = XCBuildConfiguration;
			buildSettings = {
				ALWAYS_SEARCH_USER_PATHS = NO;
				CLANG_ANALYZER_NONNULL = YES;
				CLANG_ANALYZER_NUMBER_OBJECT_CONVERSION = YES_AGGRESSIVE;
				CLANG_CXX_LANGUAGE_STANDARD = "gnu++20";
				CLANG_ENABLE_MODULES = YES;
				CLANG_ENABLE_OBJC_ARC = YES;
				CLANG_ENABLE_OBJC_WEAK = YES;
				CLANG_WARN_BLOCK_CAPTURE_AUTORELEASING = YES;
				CLANG_WARN_BOOL_CONVERSION = YES;
				CLANG_WARN_COMMA = YES;
				CLANG_WARN_CONSTANT_CONVERSION = YES;
				CLANG_WARN_DEPRECATED_OBJC_IMPLEMENTATIONS = YES;
				CLANG_WARN_DIRECT_OBJC_ISA_USAGE = YES_ERROR;
				CLANG_WARN_DOCUMENTATION_COMMENTS = YES;
				CLANG_WARN_EMPTY_BODY = YES;
				CLANG_WARN_ENUM_CONVERSION = YES;
				CLANG_WARN_INFINITE_RECURSION = YES;
				CLANG_WARN_INT_CONVERSION = YES;
				CLANG_WARN_NON_LITERAL_NULL_CONVERSION = YES;
				CLANG_WARN_OBJC_IMPLICIT_RETAIN_SELF = YES;
				CLANG_WARN_OBJC_LITERAL_CONVERSION = YES;
				CLANG_WARN_OBJC_ROOT_CLASS = YES_ERROR;
				CLANG_WARN_QUOTED_INCLUDE_IN_FRAMEWORK_HEADER = YES;
				CLANG_WARN_RANGE_LOOP_ANALYSIS = YES;
				CLANG_WARN_STRICT_PROTOTYPES = YES;
				CLANG_WARN_SUSPICIOUS_MOVE = YES;
				CLANG_WARN_UNGUARDED_AVAILABILITY = YES_AGGRESSIVE;
				CLANG_WARN_UNREACHABLE_CODE = YES;
				CLANG_WARN__DUPLICATE_METHOD_MATCH = YES;
				COPY_PHASE_STRIP = NO;
				DEBUG_INFORMATION_FORMAT = dwarf;
				ENABLE_STRICT_OBJC_MSGSEND = YES;
				ENABLE_TESTABILITY = YES;
				GCC_C_LANGUAGE_STANDARD = gnu11;
				GCC_DYNAMIC_NO_PIC = NO;
				GCC_NO_COMMON_BLOCKS = YES;
				GCC_OPTIMIZATION_LEVEL = 0;
				GCC_PREPROCESSOR_DEFINITIONS = (
					"DEBUG=1",
					"$(inherited)",
				);
				GCC_WARN_64_TO_32_BIT_CONVERSION = YES;
				GCC_WARN_ABOUT_RETURN_TYPE = YES_ERROR;
				GCC_WARN_UNDECLARED_SELECTOR = YES;
				GCC_WARN_UNINITIALIZED_AUTOS = YES_AGGRESSIVE;
				GCC_WARN_UNUSED_FUNCTION = YES;
				GCC_WARN_UNUSED_VARIABLE = YES;
				MTL_ENABLE_DEBUG_INFO = INCLUDE_SOURCE;
				MTL_FAST_MATH = YES;
				ONLY_ACTIVE_ARCH = YES;
				SWIFT_ACTIVE_COMPILATION_CONDITIONS = DEBUG;
				SWIFT_OPTIMIZATION_LEVEL = "-Onone";
			};
			name = Debug;
		};
		EEB75E30292841A40068DEE0 /* Release */ = {
			isa = XCBuildConfiguration;
			buildSettings = {
				ALWAYS_SEARCH_USER_PATHS = NO;
				CLANG_ANALYZER_NONNULL = YES;
				CLANG_ANALYZER_NUMBER_OBJECT_CONVERSION = YES_AGGRESSIVE;
				CLANG_CXX_LANGUAGE_STANDARD = "gnu++20";
				CLANG_ENABLE_MODULES = YES;
				CLANG_ENABLE_OBJC_ARC = YES;
				CLANG_ENABLE_OBJC_WEAK = YES;
				CLANG_WARN_BLOCK_CAPTURE_AUTORELEASING = YES;
				CLANG_WARN_BOOL_CONVERSION = YES;
				CLANG_WARN_COMMA = YES;
				CLANG_WARN_CONSTANT_CONVERSION = YES;
				CLANG_WARN_DEPRECATED_OBJC_IMPLEMENTATIONS = YES;
				CLANG_WARN_DIRECT_OBJC_ISA_USAGE = YES_ERROR;
				CLANG_WARN_DOCUMENTATION_COMMENTS = YES;
				CLANG_WARN_EMPTY_BODY = YES;
				CLANG_WARN_ENUM_CONVERSION = YES;
				CLANG_WARN_INFINITE_RECURSION = YES;
				CLANG_WARN_INT_CONVERSION = YES;
				CLANG_WARN_NON_LITERAL_NULL_CONVERSION = YES;
				CLANG_WARN_OBJC_IMPLICIT_RETAIN_SELF = YES;
				CLANG_WARN_OBJC_LITERAL_CONVERSION = YES;
				CLANG_WARN_OBJC_ROOT_CLASS = YES_ERROR;
				CLANG_WARN_QUOTED_INCLUDE_IN_FRAMEWORK_HEADER = YES;
				CLANG_WARN_RANGE_LOOP_ANALYSIS = YES;
				CLANG_WARN_STRICT_PROTOTYPES = YES;
				CLANG_WARN_SUSPICIOUS_MOVE = YES;
				CLANG_WARN_UNGUARDED_AVAILABILITY = YES_AGGRESSIVE;
				CLANG_WARN_UNREACHABLE_CODE = YES;
				CLANG_WARN__DUPLICATE_METHOD_MATCH = YES;
				COPY_PHASE_STRIP = NO;
				DEBUG_INFORMATION_FORMAT = "dwarf-with-dsym";
				ENABLE_NS_ASSERTIONS = NO;
				ENABLE_STRICT_OBJC_MSGSEND = YES;
				GCC_C_LANGUAGE_STANDARD = gnu11;
				GCC_NO_COMMON_BLOCKS = YES;
				GCC_WARN_64_TO_32_BIT_CONVERSION = YES;
				GCC_WARN_ABOUT_RETURN_TYPE = YES_ERROR;
				GCC_WARN_UNDECLARED_SELECTOR = YES;
				GCC_WARN_UNINITIALIZED_AUTOS = YES_AGGRESSIVE;
				GCC_WARN_UNUSED_FUNCTION = YES;
				GCC_WARN_UNUSED_VARIABLE = YES;
				MTL_ENABLE_DEBUG_INFO = NO;
				MTL_FAST_MATH = YES;
				SWIFT_COMPILATION_MODE = wholemodule;
				SWIFT_OPTIMIZATION_LEVEL = "-O";
			};
			name = Release;
		};
		EEB75E32292841A40068DEE0 /* Debug */ = {
			isa = XCBuildConfiguration;
			buildSettings = {
				ASSETCATALOG_COMPILER_APPICON_NAME = AppIcon;
				ASSETCATALOG_COMPILER_GLOBAL_ACCENT_COLOR_NAME = AccentColor;
				CODE_SIGN_ENTITLEMENTS = Taggers/Taggers.entitlements;
				CODE_SIGN_STYLE = Automatic;
				CURRENT_PROJECT_VERSION = 1;
				DEVELOPMENT_ASSET_PATHS = "\"Taggers/Preview Content\"";
				DEVELOPMENT_TEAM = D3Y48EXXXC;
				ENABLE_HARDENED_RUNTIME = YES;
				ENABLE_PREVIEWS = YES;
				GENERATE_INFOPLIST_FILE = YES;
				"INFOPLIST_KEY_UIApplicationSceneManifest_Generation[sdk=iphoneos*]" = YES;
				"INFOPLIST_KEY_UIApplicationSceneManifest_Generation[sdk=iphonesimulator*]" = YES;
				"INFOPLIST_KEY_UIApplicationSupportsIndirectInputEvents[sdk=iphoneos*]" = YES;
				"INFOPLIST_KEY_UIApplicationSupportsIndirectInputEvents[sdk=iphonesimulator*]" = YES;
				"INFOPLIST_KEY_UILaunchScreen_Generation[sdk=iphoneos*]" = YES;
				"INFOPLIST_KEY_UILaunchScreen_Generation[sdk=iphonesimulator*]" = YES;
				"INFOPLIST_KEY_UIStatusBarStyle[sdk=iphoneos*]" = UIStatusBarStyleDefault;
				"INFOPLIST_KEY_UIStatusBarStyle[sdk=iphonesimulator*]" = UIStatusBarStyleDefault;
				INFOPLIST_KEY_UISupportedInterfaceOrientations_iPad = "UIInterfaceOrientationPortrait UIInterfaceOrientationPortraitUpsideDown UIInterfaceOrientationLandscapeLeft UIInterfaceOrientationLandscapeRight";
				INFOPLIST_KEY_UISupportedInterfaceOrientations_iPhone = "UIInterfaceOrientationPortrait UIInterfaceOrientationLandscapeLeft UIInterfaceOrientationLandscapeRight";
				IPHONEOS_DEPLOYMENT_TARGET = 16.0;
				LD_RUNPATH_SEARCH_PATHS = "@executable_path/Frameworks";
				"LD_RUNPATH_SEARCH_PATHS[sdk=macosx*]" = "@executable_path/../Frameworks";
				MACOSX_DEPLOYMENT_TARGET = 12.3;
				MARKETING_VERSION = 1.0;
				PRODUCT_BUNDLE_IDENTIFIER = com.lucasfeijo.Taggers;
				PRODUCT_NAME = "$(TARGET_NAME)";
				SDKROOT = auto;
				SUPPORTED_PLATFORMS = "iphoneos iphonesimulator macosx";
				SWIFT_EMIT_LOC_STRINGS = YES;
				SWIFT_VERSION = 5.0;
				TARGETED_DEVICE_FAMILY = "1,2";
			};
			name = Debug;
		};
		EEB75E33292841A40068DEE0 /* Release */ = {
			isa = XCBuildConfiguration;
			buildSettings = {
				ASSETCATALOG_COMPILER_APPICON_NAME = AppIcon;
				ASSETCATALOG_COMPILER_GLOBAL_ACCENT_COLOR_NAME = AccentColor;
				CODE_SIGN_ENTITLEMENTS = Taggers/Taggers.entitlements;
				CODE_SIGN_STYLE = Automatic;
				CURRENT_PROJECT_VERSION = 1;
				DEVELOPMENT_ASSET_PATHS = "\"Taggers/Preview Content\"";
				DEVELOPMENT_TEAM = D3Y48EXXXC;
				ENABLE_HARDENED_RUNTIME = YES;
				ENABLE_PREVIEWS = YES;
				GENERATE_INFOPLIST_FILE = YES;
				"INFOPLIST_KEY_UIApplicationSceneManifest_Generation[sdk=iphoneos*]" = YES;
				"INFOPLIST_KEY_UIApplicationSceneManifest_Generation[sdk=iphonesimulator*]" = YES;
				"INFOPLIST_KEY_UIApplicationSupportsIndirectInputEvents[sdk=iphoneos*]" = YES;
				"INFOPLIST_KEY_UIApplicationSupportsIndirectInputEvents[sdk=iphonesimulator*]" = YES;
				"INFOPLIST_KEY_UILaunchScreen_Generation[sdk=iphoneos*]" = YES;
				"INFOPLIST_KEY_UILaunchScreen_Generation[sdk=iphonesimulator*]" = YES;
				"INFOPLIST_KEY_UIStatusBarStyle[sdk=iphoneos*]" = UIStatusBarStyleDefault;
				"INFOPLIST_KEY_UIStatusBarStyle[sdk=iphonesimulator*]" = UIStatusBarStyleDefault;
				INFOPLIST_KEY_UISupportedInterfaceOrientations_iPad = "UIInterfaceOrientationPortrait UIInterfaceOrientationPortraitUpsideDown UIInterfaceOrientationLandscapeLeft UIInterfaceOrientationLandscapeRight";
				INFOPLIST_KEY_UISupportedInterfaceOrientations_iPhone = "UIInterfaceOrientationPortrait UIInterfaceOrientationLandscapeLeft UIInterfaceOrientationLandscapeRight";
				IPHONEOS_DEPLOYMENT_TARGET = 16.0;
				LD_RUNPATH_SEARCH_PATHS = "@executable_path/Frameworks";
				"LD_RUNPATH_SEARCH_PATHS[sdk=macosx*]" = "@executable_path/../Frameworks";
				MACOSX_DEPLOYMENT_TARGET = 12.3;
				MARKETING_VERSION = 1.0;
				PRODUCT_BUNDLE_IDENTIFIER = com.lucasfeijo.Taggers;
				PRODUCT_NAME = "$(TARGET_NAME)";
				SDKROOT = auto;
				SUPPORTED_PLATFORMS = "iphoneos iphonesimulator macosx";
				SWIFT_EMIT_LOC_STRINGS = YES;
				SWIFT_VERSION = 5.0;
				TARGETED_DEVICE_FAMILY = "1,2";
			};
			name = Release;
		};
		EEB75E35292841A40068DEE0 /* Debug */ = {
			isa = XCBuildConfiguration;
			buildSettings = {
				ALWAYS_EMBED_SWIFT_STANDARD_LIBRARIES = YES;
				BUNDLE_LOADER = "$(TEST_HOST)";
				CODE_SIGN_STYLE = Automatic;
				CURRENT_PROJECT_VERSION = 1;
				DEVELOPMENT_TEAM = D3Y48EXXXC;
				GENERATE_INFOPLIST_FILE = YES;
				IPHONEOS_DEPLOYMENT_TARGET = 16.0;
				MACOSX_DEPLOYMENT_TARGET = 12.3;
				MARKETING_VERSION = 1.0;
				PRODUCT_BUNDLE_IDENTIFIER = com.lucasfeijo.TaggersTests;
				PRODUCT_NAME = "$(TARGET_NAME)";
				SDKROOT = auto;
				SUPPORTED_PLATFORMS = "iphoneos iphonesimulator macosx";
				SWIFT_EMIT_LOC_STRINGS = NO;
				SWIFT_VERSION = 5.0;
				TARGETED_DEVICE_FAMILY = "1,2";
				TEST_HOST = "$(BUILT_PRODUCTS_DIR)/Taggers.app/$(BUNDLE_EXECUTABLE_FOLDER_PATH)/Taggers";
			};
			name = Debug;
		};
		EEB75E36292841A40068DEE0 /* Release */ = {
			isa = XCBuildConfiguration;
			buildSettings = {
				ALWAYS_EMBED_SWIFT_STANDARD_LIBRARIES = YES;
				BUNDLE_LOADER = "$(TEST_HOST)";
				CODE_SIGN_STYLE = Automatic;
				CURRENT_PROJECT_VERSION = 1;
				DEVELOPMENT_TEAM = D3Y48EXXXC;
				GENERATE_INFOPLIST_FILE = YES;
				IPHONEOS_DEPLOYMENT_TARGET = 16.0;
				MACOSX_DEPLOYMENT_TARGET = 12.3;
				MARKETING_VERSION = 1.0;
				PRODUCT_BUNDLE_IDENTIFIER = com.lucasfeijo.TaggersTests;
				PRODUCT_NAME = "$(TARGET_NAME)";
				SDKROOT = auto;
				SUPPORTED_PLATFORMS = "iphoneos iphonesimulator macosx";
				SWIFT_EMIT_LOC_STRINGS = NO;
				SWIFT_VERSION = 5.0;
				TARGETED_DEVICE_FAMILY = "1,2";
				TEST_HOST = "$(BUILT_PRODUCTS_DIR)/Taggers.app/$(BUNDLE_EXECUTABLE_FOLDER_PATH)/Taggers";
			};
			name = Release;
		};
		EEB75E38292841A40068DEE0 /* Debug */ = {
			isa = XCBuildConfiguration;
			buildSettings = {
				ALWAYS_EMBED_SWIFT_STANDARD_LIBRARIES = YES;
				CODE_SIGN_STYLE = Automatic;
				CURRENT_PROJECT_VERSION = 1;
				DEVELOPMENT_TEAM = D3Y48EXXXC;
				GENERATE_INFOPLIST_FILE = YES;
				IPHONEOS_DEPLOYMENT_TARGET = 16.0;
				MACOSX_DEPLOYMENT_TARGET = 12.3;
				MARKETING_VERSION = 1.0;
				PRODUCT_BUNDLE_IDENTIFIER = com.lucasfeijo.TaggersUITests;
				PRODUCT_NAME = "$(TARGET_NAME)";
				SDKROOT = auto;
				SUPPORTED_PLATFORMS = "iphoneos iphonesimulator macosx";
				SWIFT_EMIT_LOC_STRINGS = NO;
				SWIFT_VERSION = 5.0;
				TARGETED_DEVICE_FAMILY = "1,2";
				TEST_TARGET_NAME = Taggers;
			};
			name = Debug;
		};
		EEB75E39292841A40068DEE0 /* Release */ = {
			isa = XCBuildConfiguration;
			buildSettings = {
				ALWAYS_EMBED_SWIFT_STANDARD_LIBRARIES = YES;
				CODE_SIGN_STYLE = Automatic;
				CURRENT_PROJECT_VERSION = 1;
				DEVELOPMENT_TEAM = D3Y48EXXXC;
				GENERATE_INFOPLIST_FILE = YES;
				IPHONEOS_DEPLOYMENT_TARGET = 16.0;
				MACOSX_DEPLOYMENT_TARGET = 12.3;
				MARKETING_VERSION = 1.0;
				PRODUCT_BUNDLE_IDENTIFIER = com.lucasfeijo.TaggersUITests;
				PRODUCT_NAME = "$(TARGET_NAME)";
				SDKROOT = auto;
				SUPPORTED_PLATFORMS = "iphoneos iphonesimulator macosx";
				SWIFT_EMIT_LOC_STRINGS = NO;
				SWIFT_VERSION = 5.0;
				TARGETED_DEVICE_FAMILY = "1,2";
				TEST_TARGET_NAME = Taggers;
			};
			name = Release;
		};
/* End XCBuildConfiguration section */

/* Begin XCConfigurationList section */
		EEB75E07292841A10068DEE0 /* Build configuration list for PBXProject "Taggers" */ = {
			isa = XCConfigurationList;
			buildConfigurations = (
				EEB75E2F292841A40068DEE0 /* Debug */,
				EEB75E30292841A40068DEE0 /* Release */,
			);
			defaultConfigurationIsVisible = 0;
			defaultConfigurationName = Release;
		};
		EEB75E31292841A40068DEE0 /* Build configuration list for PBXNativeTarget "Taggers" */ = {
			isa = XCConfigurationList;
			buildConfigurations = (
				EEB75E32292841A40068DEE0 /* Debug */,
				EEB75E33292841A40068DEE0 /* Release */,
			);
			defaultConfigurationIsVisible = 0;
			defaultConfigurationName = Release;
		};
		EEB75E34292841A40068DEE0 /* Build configuration list for PBXNativeTarget "TaggersTests" */ = {
			isa = XCConfigurationList;
			buildConfigurations = (
				EEB75E35292841A40068DEE0 /* Debug */,
				EEB75E36292841A40068DEE0 /* Release */,
			);
			defaultConfigurationIsVisible = 0;
			defaultConfigurationName = Release;
		};
		EEB75E37292841A40068DEE0 /* Build configuration list for PBXNativeTarget "TaggersUITests" */ = {
			isa = XCConfigurationList;
			buildConfigurations = (
				EEB75E38292841A40068DEE0 /* Debug */,
				EEB75E39292841A40068DEE0 /* Release */,
			);
			defaultConfigurationIsVisible = 0;
			defaultConfigurationName = Release;
		};
/* End XCConfigurationList section */
	};
	rootObject = EEB75E04292841A10068DEE0 /* Project object */;
}
